// !$*UTF8*$!
{
	archiveVersion = 1;
	classes = {
	};
	objectVersion = 46;
	objects = {

/* Begin PBXBuildFile section */
		2861FD45199D8D0300CCFF1D /* RGViewController.m in Sources */ = {isa = PBXBuildFile; fileRef = 2861FD44199D8D0300CCFF1D /* RGViewController.m */; };
		28E458DF199CFBFD00A7A5D7 /* Foundation.framework in Frameworks */ = {isa = PBXBuildFile; fileRef = 28E458DE199CFBFD00A7A5D7 /* Foundation.framework */; };
		28E458E1199CFBFD00A7A5D7 /* CoreGraphics.framework in Frameworks */ = {isa = PBXBuildFile; fileRef = 28E458E0199CFBFD00A7A5D7 /* CoreGraphics.framework */; };
		28E458E3199CFBFD00A7A5D7 /* UIKit.framework in Frameworks */ = {isa = PBXBuildFile; fileRef = 28E458E2199CFBFD00A7A5D7 /* UIKit.framework */; };
		28E458E5199CFBFD00A7A5D7 /* CoreData.framework in Frameworks */ = {isa = PBXBuildFile; fileRef = 28E458E4199CFBFD00A7A5D7 /* CoreData.framework */; };
		28E458EB199CFBFD00A7A5D7 /* InfoPlist.strings in Resources */ = {isa = PBXBuildFile; fileRef = 28E458E9199CFBFD00A7A5D7 /* InfoPlist.strings */; };
		28E458ED199CFBFD00A7A5D7 /* main.m in Sources */ = {isa = PBXBuildFile; fileRef = 28E458EC199CFBFD00A7A5D7 /* main.m */; };
		28E458F1199CFBFD00A7A5D7 /* AppDelegate.m in Sources */ = {isa = PBXBuildFile; fileRef = 28E458F0199CFBFD00A7A5D7 /* AppDelegate.m */; };
		28E458F4199CFBFD00A7A5D7 /* Main.storyboard in Resources */ = {isa = PBXBuildFile; fileRef = 28E458F2199CFBFD00A7A5D7 /* Main.storyboard */; };
		28E458F7199CFBFD00A7A5D7 /* migrationCheck.xcdatamodeld in Sources */ = {isa = PBXBuildFile; fileRef = 28E458F5199CFBFD00A7A5D7 /* migrationCheck.xcdatamodeld */; };
		28E458FF199CFBFD00A7A5D7 /* Images.xcassets in Resources */ = {isa = PBXBuildFile; fileRef = 28E458FE199CFBFD00A7A5D7 /* Images.xcassets */; };
		28E45906199CFBFD00A7A5D7 /* XCTest.framework in Frameworks */ = {isa = PBXBuildFile; fileRef = 28E45905199CFBFD00A7A5D7 /* XCTest.framework */; };
		28E45907199CFBFD00A7A5D7 /* Foundation.framework in Frameworks */ = {isa = PBXBuildFile; fileRef = 28E458DE199CFBFD00A7A5D7 /* Foundation.framework */; };
		28E45908199CFBFE00A7A5D7 /* UIKit.framework in Frameworks */ = {isa = PBXBuildFile; fileRef = 28E458E2199CFBFD00A7A5D7 /* UIKit.framework */; };
		28E45909199CFBFE00A7A5D7 /* CoreData.framework in Frameworks */ = {isa = PBXBuildFile; fileRef = 28E458E4199CFBFD00A7A5D7 /* CoreData.framework */; };
		28E45911199CFBFE00A7A5D7 /* InfoPlist.strings in Resources */ = {isa = PBXBuildFile; fileRef = 28E4590F199CFBFE00A7A5D7 /* InfoPlist.strings */; };
		28E45913199CFBFE00A7A5D7 /* migrationCheckTests.m in Sources */ = {isa = PBXBuildFile; fileRef = 28E45912199CFBFE00A7A5D7 /* migrationCheckTests.m */; };
		28E45921199D007C00A7A5D7 /* RGCoreDataStack.m in Sources */ = {isa = PBXBuildFile; fileRef = 28E45920199D007C00A7A5D7 /* RGCoreDataStack.m */; };
/* End PBXBuildFile section */

/* Begin PBXContainerItemProxy section */
		28E4590A199CFBFE00A7A5D7 /* PBXContainerItemProxy */ = {
			isa = PBXContainerItemProxy;
			containerPortal = 28E458D3199CFBFD00A7A5D7 /* Project object */;
			proxyType = 1;
			remoteGlobalIDString = 28E458DA199CFBFD00A7A5D7;
			remoteInfo = migrationCheck;
		};
/* End PBXContainerItemProxy section */

/* Begin PBXFileReference section */
		2861FD43199D8D0300CCFF1D /* RGViewController.h */ = {isa = PBXFileReference; fileEncoding = 4; lastKnownFileType = sourcecode.c.h; path = RGViewController.h; sourceTree = "<group>"; };
		2861FD44199D8D0300CCFF1D /* RGViewController.m */ = {isa = PBXFileReference; fileEncoding = 4; lastKnownFileType = sourcecode.c.objc; path = RGViewController.m; sourceTree = "<group>"; };
		28E458DB199CFBFD00A7A5D7 /* CoreDataStack.app */ = {isa = PBXFileReference; explicitFileType = wrapper.application; includeInIndex = 0; path = CoreDataStack.app; sourceTree = BUILT_PRODUCTS_DIR; };
		28E458DE199CFBFD00A7A5D7 /* Foundation.framework */ = {isa = PBXFileReference; lastKnownFileType = wrapper.framework; name = Foundation.framework; path = System/Library/Frameworks/Foundation.framework; sourceTree = SDKROOT; };
		28E458E0199CFBFD00A7A5D7 /* CoreGraphics.framework */ = {isa = PBXFileReference; lastKnownFileType = wrapper.framework; name = CoreGraphics.framework; path = System/Library/Frameworks/CoreGraphics.framework; sourceTree = SDKROOT; };
		28E458E2199CFBFD00A7A5D7 /* UIKit.framework */ = {isa = PBXFileReference; lastKnownFileType = wrapper.framework; name = UIKit.framework; path = System/Library/Frameworks/UIKit.framework; sourceTree = SDKROOT; };
		28E458E4199CFBFD00A7A5D7 /* CoreData.framework */ = {isa = PBXFileReference; lastKnownFileType = wrapper.framework; name = CoreData.framework; path = System/Library/Frameworks/CoreData.framework; sourceTree = SDKROOT; };
		28E458E8199CFBFD00A7A5D7 /* CoreDataStack-Info.plist */ = {isa = PBXFileReference; lastKnownFileType = text.plist.xml; path = "CoreDataStack-Info.plist"; sourceTree = "<group>"; };
		28E458EA199CFBFD00A7A5D7 /* en */ = {isa = PBXFileReference; lastKnownFileType = text.plist.strings; name = en; path = en.lproj/InfoPlist.strings; sourceTree = "<group>"; };
		28E458EC199CFBFD00A7A5D7 /* main.m */ = {isa = PBXFileReference; lastKnownFileType = sourcecode.c.objc; path = main.m; sourceTree = "<group>"; };
		28E458EE199CFBFD00A7A5D7 /* CoreDataStack-Prefix.pch */ = {isa = PBXFileReference; lastKnownFileType = sourcecode.c.h; path = "CoreDataStack-Prefix.pch"; sourceTree = "<group>"; };
		28E458EF199CFBFD00A7A5D7 /* AppDelegate.h */ = {isa = PBXFileReference; lastKnownFileType = sourcecode.c.h; path = AppDelegate.h; sourceTree = "<group>"; };
		28E458F0199CFBFD00A7A5D7 /* AppDelegate.m */ = {isa = PBXFileReference; lastKnownFileType = sourcecode.c.objc; path = AppDelegate.m; sourceTree = "<group>"; };
		28E458F3199CFBFD00A7A5D7 /* Base */ = {isa = PBXFileReference; lastKnownFileType = file.storyboard; name = Base; path = Base.lproj/Main.storyboard; sourceTree = "<group>"; };
		28E458F6199CFBFD00A7A5D7 /* migrationCheck.xcdatamodel */ = {isa = PBXFileReference; lastKnownFileType = wrapper.xcdatamodel; path = migrationCheck.xcdatamodel; sourceTree = "<group>"; };
		28E458FE199CFBFD00A7A5D7 /* Images.xcassets */ = {isa = PBXFileReference; lastKnownFileType = folder.assetcatalog; path = Images.xcassets; sourceTree = "<group>"; };
		28E45904199CFBFD00A7A5D7 /* CoreDataStackTests.xctest */ = {isa = PBXFileReference; explicitFileType = wrapper.cfbundle; includeInIndex = 0; path = CoreDataStackTests.xctest; sourceTree = BUILT_PRODUCTS_DIR; };
		28E45905199CFBFD00A7A5D7 /* XCTest.framework */ = {isa = PBXFileReference; lastKnownFileType = wrapper.framework; name = XCTest.framework; path = Library/Frameworks/XCTest.framework; sourceTree = DEVELOPER_DIR; };
		28E4590E199CFBFE00A7A5D7 /* CoreDataStackTests-Info.plist */ = {isa = PBXFileReference; lastKnownFileType = text.plist.xml; path = "CoreDataStackTests-Info.plist"; sourceTree = "<group>"; };
		28E45910199CFBFE00A7A5D7 /* en */ = {isa = PBXFileReference; lastKnownFileType = text.plist.strings; name = en; path = en.lproj/InfoPlist.strings; sourceTree = "<group>"; };
		28E45912199CFBFE00A7A5D7 /* migrationCheckTests.m */ = {isa = PBXFileReference; lastKnownFileType = sourcecode.c.objc; path = migrationCheckTests.m; sourceTree = "<group>"; };
		28E4591F199D007C00A7A5D7 /* RGCoreDataStack.h */ = {isa = PBXFileReference; fileEncoding = 4; lastKnownFileType = sourcecode.c.h; path = RGCoreDataStack.h; sourceTree = "<group>"; };
		28E45920199D007C00A7A5D7 /* RGCoreDataStack.m */ = {isa = PBXFileReference; fileEncoding = 4; lastKnownFileType = sourcecode.c.objc; path = RGCoreDataStack.m; sourceTree = "<group>"; };
		28E45922199D03D700A7A5D7 /* migrationCheck 2.xcdatamodel */ = {isa = PBXFileReference; lastKnownFileType = wrapper.xcdatamodel; path = "migrationCheck 2.xcdatamodel"; sourceTree = "<group>"; };
/* End PBXFileReference section */

/* Begin PBXFrameworksBuildPhase section */
		28E458D8199CFBFD00A7A5D7 /* Frameworks */ = {
			isa = PBXFrameworksBuildPhase;
			buildActionMask = 2147483647;
			files = (
				28E458E1199CFBFD00A7A5D7 /* CoreGraphics.framework in Frameworks */,
				28E458E5199CFBFD00A7A5D7 /* CoreData.framework in Frameworks */,
				28E458E3199CFBFD00A7A5D7 /* UIKit.framework in Frameworks */,
				28E458DF199CFBFD00A7A5D7 /* Foundation.framework in Frameworks */,
			);
			runOnlyForDeploymentPostprocessing = 0;
		};
		28E45901199CFBFD00A7A5D7 /* Frameworks */ = {
			isa = PBXFrameworksBuildPhase;
			buildActionMask = 2147483647;
			files = (
				28E45906199CFBFD00A7A5D7 /* XCTest.framework in Frameworks */,
				28E45909199CFBFE00A7A5D7 /* CoreData.framework in Frameworks */,
				28E45908199CFBFE00A7A5D7 /* UIKit.framework in Frameworks */,
				28E45907199CFBFD00A7A5D7 /* Foundation.framework in Frameworks */,
			);
			runOnlyForDeploymentPostprocessing = 0;
		};
/* End PBXFrameworksBuildPhase section */

/* Begin PBXGroup section */
		28E458D2199CFBFD00A7A5D7 = {
			isa = PBXGroup;
			children = (
				28E458E6199CFBFD00A7A5D7 /* migrationCheck */,
				28E4590C199CFBFE00A7A5D7 /* migrationCheckTests */,
				28E458DD199CFBFD00A7A5D7 /* Frameworks */,
				28E458DC199CFBFD00A7A5D7 /* Products */,
			);
			sourceTree = "<group>";
		};
		28E458DC199CFBFD00A7A5D7 /* Products */ = {
			isa = PBXGroup;
			children = (
				28E458DB199CFBFD00A7A5D7 /* CoreDataStack.app */,
				28E45904199CFBFD00A7A5D7 /* CoreDataStackTests.xctest */,
			);
			name = Products;
			sourceTree = "<group>";
		};
		28E458DD199CFBFD00A7A5D7 /* Frameworks */ = {
			isa = PBXGroup;
			children = (
				28E458DE199CFBFD00A7A5D7 /* Foundation.framework */,
				28E458E0199CFBFD00A7A5D7 /* CoreGraphics.framework */,
				28E458E2199CFBFD00A7A5D7 /* UIKit.framework */,
				28E458E4199CFBFD00A7A5D7 /* CoreData.framework */,
				28E45905199CFBFD00A7A5D7 /* XCTest.framework */,
			);
			name = Frameworks;
			sourceTree = "<group>";
		};
		28E458E6199CFBFD00A7A5D7 /* migrationCheck */ = {
			isa = PBXGroup;
			children = (
				28E458EF199CFBFD00A7A5D7 /* AppDelegate.h */,
				28E458F0199CFBFD00A7A5D7 /* AppDelegate.m */,
				28E4591F199D007C00A7A5D7 /* RGCoreDataStack.h */,
				28E45920199D007C00A7A5D7 /* RGCoreDataStack.m */,
				28E458F2199CFBFD00A7A5D7 /* Main.storyboard */,
				2861FD43199D8D0300CCFF1D /* RGViewController.h */,
				2861FD44199D8D0300CCFF1D /* RGViewController.m */,
				28E458FE199CFBFD00A7A5D7 /* Images.xcassets */,
				28E458F5199CFBFD00A7A5D7 /* migrationCheck.xcdatamodeld */,
				28E458E7199CFBFD00A7A5D7 /* Supporting Files */,
			);
			path = migrationCheck;
			sourceTree = "<group>";
		};
		28E458E7199CFBFD00A7A5D7 /* Supporting Files */ = {
			isa = PBXGroup;
			children = (
				28E458E8199CFBFD00A7A5D7 /* CoreDataStack-Info.plist */,
				28E458E9199CFBFD00A7A5D7 /* InfoPlist.strings */,
				28E458EC199CFBFD00A7A5D7 /* main.m */,
				28E458EE199CFBFD00A7A5D7 /* CoreDataStack-Prefix.pch */,
			);
			name = "Supporting Files";
			sourceTree = "<group>";
		};
		28E4590C199CFBFE00A7A5D7 /* migrationCheckTests */ = {
			isa = PBXGroup;
			children = (
				28E45912199CFBFE00A7A5D7 /* migrationCheckTests.m */,
				28E4590D199CFBFE00A7A5D7 /* Supporting Files */,
			);
			path = migrationCheckTests;
			sourceTree = "<group>";
		};
		28E4590D199CFBFE00A7A5D7 /* Supporting Files */ = {
			isa = PBXGroup;
			children = (
				28E4590E199CFBFE00A7A5D7 /* CoreDataStackTests-Info.plist */,
				28E4590F199CFBFE00A7A5D7 /* InfoPlist.strings */,
			);
			name = "Supporting Files";
			sourceTree = "<group>";
		};
/* End PBXGroup section */

/* Begin PBXNativeTarget section */
		28E458DA199CFBFD00A7A5D7 /* CoreDataStack */ = {
			isa = PBXNativeTarget;
			buildConfigurationList = 28E45916199CFBFE00A7A5D7 /* Build configuration list for PBXNativeTarget "CoreDataStack" */;
			buildPhases = (
				28E458D7199CFBFD00A7A5D7 /* Sources */,
				28E458D8199CFBFD00A7A5D7 /* Frameworks */,
				28E458D9199CFBFD00A7A5D7 /* Resources */,
			);
			buildRules = (
			);
			dependencies = (
			);
			name = CoreDataStack;
			productName = migrationCheck;
			productReference = 28E458DB199CFBFD00A7A5D7 /* CoreDataStack.app */;
			productType = "com.apple.product-type.application";
		};
		28E45903199CFBFD00A7A5D7 /* CoreDataStackTests */ = {
			isa = PBXNativeTarget;
			buildConfigurationList = 28E45919199CFBFE00A7A5D7 /* Build configuration list for PBXNativeTarget "CoreDataStackTests" */;
			buildPhases = (
				28E45900199CFBFD00A7A5D7 /* Sources */,
				28E45901199CFBFD00A7A5D7 /* Frameworks */,
				28E45902199CFBFD00A7A5D7 /* Resources */,
			);
			buildRules = (
			);
			dependencies = (
				28E4590B199CFBFE00A7A5D7 /* PBXTargetDependency */,
			);
			name = CoreDataStackTests;
			productName = migrationCheckTests;
			productReference = 28E45904199CFBFD00A7A5D7 /* CoreDataStackTests.xctest */;
			productType = "com.apple.product-type.bundle.unit-test";
		};
/* End PBXNativeTarget section */

/* Begin PBXProject section */
		28E458D3199CFBFD00A7A5D7 /* Project object */ = {
			isa = PBXProject;
			attributes = {
				LastUpgradeCheck = 0510;
				ORGANIZATIONNAME = EnterWithBoldness;
				TargetAttributes = {
					28E45903199CFBFD00A7A5D7 = {
						TestTargetID = 28E458DA199CFBFD00A7A5D7;
					};
				};
			};
			buildConfigurationList = 28E458D6199CFBFD00A7A5D7 /* Build configuration list for PBXProject "CoreDataStack" */;
			compatibilityVersion = "Xcode 3.2";
			developmentRegion = English;
			hasScannedForEncodings = 0;
			knownRegions = (
				en,
				Base,
			);
			mainGroup = 28E458D2199CFBFD00A7A5D7;
			productRefGroup = 28E458DC199CFBFD00A7A5D7 /* Products */;
			projectDirPath = "";
			projectRoot = "";
			targets = (
				28E458DA199CFBFD00A7A5D7 /* CoreDataStack */,
				28E45903199CFBFD00A7A5D7 /* CoreDataStackTests */,
			);
		};
/* End PBXProject section */

/* Begin PBXResourcesBuildPhase section */
		28E458D9199CFBFD00A7A5D7 /* Resources */ = {
			isa = PBXResourcesBuildPhase;
			buildActionMask = 2147483647;
			files = (
				28E458FF199CFBFD00A7A5D7 /* Images.xcassets in Resources */,
				28E458EB199CFBFD00A7A5D7 /* InfoPlist.strings in Resources */,
				28E458F4199CFBFD00A7A5D7 /* Main.storyboard in Resources */,
			);
			runOnlyForDeploymentPostprocessing = 0;
		};
		28E45902199CFBFD00A7A5D7 /* Resources */ = {
			isa = PBXResourcesBuildPhase;
			buildActionMask = 2147483647;
			files = (
				28E45911199CFBFE00A7A5D7 /* InfoPlist.strings in Resources */,
			);
			runOnlyForDeploymentPostprocessing = 0;
		};
/* End PBXResourcesBuildPhase section */

/* Begin PBXSourcesBuildPhase section */
		28E458D7199CFBFD00A7A5D7 /* Sources */ = {
			isa = PBXSourcesBuildPhase;
			buildActionMask = 2147483647;
			files = (
				2861FD45199D8D0300CCFF1D /* RGViewController.m in Sources */,
				28E458F1199CFBFD00A7A5D7 /* AppDelegate.m in Sources */,
				28E45921199D007C00A7A5D7 /* RGCoreDataStack.m in Sources */,
				28E458F7199CFBFD00A7A5D7 /* migrationCheck.xcdatamodeld in Sources */,
				28E458ED199CFBFD00A7A5D7 /* main.m in Sources */,
			);
			runOnlyForDeploymentPostprocessing = 0;
		};
		28E45900199CFBFD00A7A5D7 /* Sources */ = {
			isa = PBXSourcesBuildPhase;
			buildActionMask = 2147483647;
			files = (
				28E45913199CFBFE00A7A5D7 /* migrationCheckTests.m in Sources */,
			);
			runOnlyForDeploymentPostprocessing = 0;
		};
/* End PBXSourcesBuildPhase section */

/* Begin PBXTargetDependency section */
		28E4590B199CFBFE00A7A5D7 /* PBXTargetDependency */ = {
			isa = PBXTargetDependency;
			target = 28E458DA199CFBFD00A7A5D7 /* CoreDataStack */;
			targetProxy = 28E4590A199CFBFE00A7A5D7 /* PBXContainerItemProxy */;
		};
/* End PBXTargetDependency section */

/* Begin PBXVariantGroup section */
		28E458E9199CFBFD00A7A5D7 /* InfoPlist.strings */ = {
			isa = PBXVariantGroup;
			children = (
				28E458EA199CFBFD00A7A5D7 /* en */,
			);
			name = InfoPlist.strings;
			sourceTree = "<group>";
		};
		28E458F2199CFBFD00A7A5D7 /* Main.storyboard */ = {
			isa = PBXVariantGroup;
			children = (
				28E458F3199CFBFD00A7A5D7 /* Base */,
			);
			name = Main.storyboard;
			sourceTree = "<group>";
		};
		28E4590F199CFBFE00A7A5D7 /* InfoPlist.strings */ = {
			isa = PBXVariantGroup;
			children = (
				28E45910199CFBFE00A7A5D7 /* en */,
			);
			name = InfoPlist.strings;
			sourceTree = "<group>";
		};
/* End PBXVariantGroup section */

/* Begin XCBuildConfiguration section */
		28E45914199CFBFE00A7A5D7 /* Debug */ = {
			isa = XCBuildConfiguration;
			buildSettings = {
				ALWAYS_SEARCH_USER_PATHS = NO;
				CLANG_CXX_LANGUAGE_STANDARD = "gnu++0x";
				CLANG_CXX_LIBRARY = "libc++";
				CLANG_ENABLE_MODULES = YES;
				CLANG_ENABLE_OBJC_ARC = YES;
				CLANG_WARN_BOOL_CONVERSION = YES;
				CLANG_WARN_CONSTANT_CONVERSION = YES;
				CLANG_WARN_DIRECT_OBJC_ISA_USAGE = YES_ERROR;
				CLANG_WARN_EMPTY_BODY = YES;
				CLANG_WARN_ENUM_CONVERSION = YES;
				CLANG_WARN_INT_CONVERSION = YES;
				CLANG_WARN_OBJC_ROOT_CLASS = YES_ERROR;
				CLANG_WARN__DUPLICATE_METHOD_MATCH = YES;
				"CODE_SIGN_IDENTITY[sdk=iphoneos*]" = "iPhone Developer";
				COPY_PHASE_STRIP = NO;
				GCC_C_LANGUAGE_STANDARD = gnu99;
				GCC_DYNAMIC_NO_PIC = NO;
				GCC_OPTIMIZATION_LEVEL = 0;
				GCC_PREPROCESSOR_DEFINITIONS = (
					"DEBUG=1",
					"$(inherited)",
				);
				GCC_SYMBOLS_PRIVATE_EXTERN = NO;
				GCC_WARN_64_TO_32_BIT_CONVERSION = YES;
				GCC_WARN_ABOUT_RETURN_TYPE = YES_ERROR;
				GCC_WARN_UNDECLARED_SELECTOR = YES;
				GCC_WARN_UNINITIALIZED_AUTOS = YES_AGGRESSIVE;
				GCC_WARN_UNUSED_FUNCTION = YES;
				GCC_WARN_UNUSED_VARIABLE = YES;
				IPHONEOS_DEPLOYMENT_TARGET = 7.1;
				ONLY_ACTIVE_ARCH = YES;
				SDKROOT = iphoneos;
			};
			name = Debug;
		};
		28E45915199CFBFE00A7A5D7 /* Release */ = {
			isa = XCBuildConfiguration;
			buildSettings = {
				ALWAYS_SEARCH_USER_PATHS = NO;
				CLANG_CXX_LANGUAGE_STANDARD = "gnu++0x";
				CLANG_CXX_LIBRARY = "libc++";
				CLANG_ENABLE_MODULES = YES;
				CLANG_ENABLE_OBJC_ARC = YES;
				CLANG_WARN_BOOL_CONVERSION = YES;
				CLANG_WARN_CONSTANT_CONVERSION = YES;
				CLANG_WARN_DIRECT_OBJC_ISA_USAGE = YES_ERROR;
				CLANG_WARN_EMPTY_BODY = YES;
				CLANG_WARN_ENUM_CONVERSION = YES;
				CLANG_WARN_INT_CONVERSION = YES;
				CLANG_WARN_OBJC_ROOT_CLASS = YES_ERROR;
				CLANG_WARN__DUPLICATE_METHOD_MATCH = YES;
				"CODE_SIGN_IDENTITY[sdk=iphoneos*]" = "iPhone Developer";
				COPY_PHASE_STRIP = YES;
				ENABLE_NS_ASSERTIONS = NO;
				GCC_C_LANGUAGE_STANDARD = gnu99;
				GCC_WARN_64_TO_32_BIT_CONVERSION = YES;
				GCC_WARN_ABOUT_RETURN_TYPE = YES_ERROR;
				GCC_WARN_UNDECLARED_SELECTOR = YES;
				GCC_WARN_UNINITIALIZED_AUTOS = YES_AGGRESSIVE;
				GCC_WARN_UNUSED_FUNCTION = YES;
				GCC_WARN_UNUSED_VARIABLE = YES;
				IPHONEOS_DEPLOYMENT_TARGET = 7.1;
				SDKROOT = iphoneos;
				VALIDATE_PRODUCT = YES;
			};
			name = Release;
		};
		28E45917199CFBFE00A7A5D7 /* Debug */ = {
			isa = XCBuildConfiguration;
			buildSettings = {
				ASSETCATALOG_COMPILER_APPICON_NAME = AppIcon;
				ASSETCATALOG_COMPILER_LAUNCHIMAGE_NAME = LaunchImage;
				GCC_PRECOMPILE_PREFIX_HEADER = YES;
				GCC_PREFIX_HEADER = "migrationCheck/CoreDataStack-Prefix.pch";
				INFOPLIST_FILE = "migrationCheck/CoreDataStack-Info.plist";
				PRODUCT_NAME = CoreDataStack;
				WRAPPER_EXTENSION = app;
			};
			name = Debug;
		};
		28E45918199CFBFE00A7A5D7 /* Release */ = {
			isa = XCBuildConfiguration;
			buildSettings = {
				ASSETCATALOG_COMPILER_APPICON_NAME = AppIcon;
				ASSETCATALOG_COMPILER_LAUNCHIMAGE_NAME = LaunchImage;
				GCC_PRECOMPILE_PREFIX_HEADER = YES;
				GCC_PREFIX_HEADER = "migrationCheck/CoreDataStack-Prefix.pch";
				INFOPLIST_FILE = "migrationCheck/CoreDataStack-Info.plist";
				PRODUCT_NAME = CoreDataStack;
				WRAPPER_EXTENSION = app;
			};
			name = Release;
		};
		28E4591A199CFBFE00A7A5D7 /* Debug */ = {
			isa = XCBuildConfiguration;
			buildSettings = {
				BUNDLE_LOADER = "$(BUILT_PRODUCTS_DIR)/migrationCheck.app/migrationCheck";
				FRAMEWORK_SEARCH_PATHS = (
					"$(SDKROOT)/Developer/Library/Frameworks",
					"$(inherited)",
					"$(DEVELOPER_FRAMEWORKS_DIR)",
				);
				GCC_PRECOMPILE_PREFIX_HEADER = YES;
				GCC_PREFIX_HEADER = "migrationCheck/migrationCheck-Prefix.pch";
				GCC_PREPROCESSOR_DEFINITIONS = (
					"DEBUG=1",
					"$(inherited)",
				);
				INFOPLIST_FILE = "migrationCheckTests/CoreDataStackTests-Info.plist";
				PRODUCT_NAME = CoreDataStackTests;
				TEST_HOST = "$(BUNDLE_LOADER)";
				WRAPPER_EXTENSION = xctest;
			};
			name = Debug;
		};
		28E4591B199CFBFE00A7A5D7 /* Release */ = {
			isa = XCBuildConfiguration;
			buildSettings = {
				BUNDLE_LOADER = "$(BUILT_PRODUCTS_DIR)/migrationCheck.app/migrationCheck";
				FRAMEWORK_SEARCH_PATHS = (
					"$(SDKROOT)/Developer/Library/Frameworks",
					"$(inherited)",
					"$(DEVELOPER_FRAMEWORKS_DIR)",
				);
				GCC_PRECOMPILE_PREFIX_HEADER = YES;
				GCC_PREFIX_HEADER = "migrationCheck/migrationCheck-Prefix.pch";
				INFOPLIST_FILE = "migrationCheckTests/CoreDataStackTests-Info.plist";
				PRODUCT_NAME = CoreDataStackTests;
				TEST_HOST = "$(BUNDLE_LOADER)";
				WRAPPER_EXTENSION = xctest;
			};
			name = Release;
		};
/* End XCBuildConfiguration section */

/* Begin XCConfigurationList section */
		28E458D6199CFBFD00A7A5D7 /* Build configuration list for PBXProject "CoreDataStack" */ = {
			isa = XCConfigurationList;
			buildConfigurations = (
				28E45914199CFBFE00A7A5D7 /* Debug */,
				28E45915199CFBFE00A7A5D7 /* Release */,
			);
			defaultConfigurationIsVisible = 0;
			defaultConfigurationName = Release;
		};
		28E45916199CFBFE00A7A5D7 /* Build configuration list for PBXNativeTarget "CoreDataStack" */ = {
			isa = XCConfigurationList;
			buildConfigurations = (
				28E45917199CFBFE00A7A5D7 /* Debug */,
				28E45918199CFBFE00A7A5D7 /* Release */,
			);
			defaultConfigurationIsVisible = 0;
			defaultConfigurationName = Release;
		};
		28E45919199CFBFE00A7A5D7 /* Build configuration list for PBXNativeTarget "CoreDataStackTests" */ = {
			isa = XCConfigurationList;
			buildConfigurations = (
				28E4591A199CFBFE00A7A5D7 /* Debug */,
				28E4591B199CFBFE00A7A5D7 /* Release */,
			);
			defaultConfigurationIsVisible = 0;
			defaultConfigurationName = Release;
		};
/* End XCConfigurationList section */

/* Begin XCVersionGroup section */
		28E458F5199CFBFD00A7A5D7 /* migrationCheck.xcdatamodeld */ = {
			isa = XCVersionGroup;
			children = (
				28E45922199D03D700A7A5D7 /* migrationCheck 2.xcdatamodel */,
				28E458F6199CFBFD00A7A5D7 /* migrationCheck.xcdatamodel */,
			);
			currentVersion = 28E45922199D03D700A7A5D7 /* migrationCheck 2.xcdatamodel */;
			path = migrationCheck.xcdatamodeld;
			sourceTree = "<group>";
			versionGroupType = wrapper.xcdatamodel;
		};
/* End XCVersionGroup section */
	};
	rootObject = 28E458D3199CFBFD00A7A5D7 /* Project object */;
}
